
Microsoft Visual Studio Solution File, Format Version 12.00
# Visual Studio Version 17
VisualStudioVersion = 17.3.32825.248
MinimumVisualStudioVersion = 10.0.40219.1
Project("{FAE04EC0-301F-11D3-BF4B-00C04F79EFBC}") = "DryFusion", "DryFusion\DryFusion.csproj", "{C53626B3-F2F9-4694-82F9-8A65902FA798}"
EndProject
Global
	GlobalSection(SolutionConfigurationPlatforms) = preSolution
		Debug|Any CPU = Debug|Any CPU
		Release|Any CPU = Release|Any CPU
	EndGlobalSection
	GlobalSection(ProjectConfigurationPlatforms) = postSolution
		{C53626B3-F2F9-4694-82F9-8A65902FA798}.Debug|Any CPU.ActiveCfg = Debug|Any CPU
		{C53626B3-F2F9-4694-82F9-8A65902FA798}.Debug|Any CPU.Build.0 = Debug|Any CPU
		{C53626B3-F2F9-4694-82F9-8A65902FA798}.Release|Any CPU.ActiveCfg = Release|Any CPU
		{C53626B3-F2F9-4694-82F9-8A65902FA798}.Release|Any CPU.Build.0 = Release|Any CPU
	EndGlobalSection
	GlobalSection(SolutionProperties) = preSolution
		HideSolutionNode = FALSE
	EndGlobalSection
	GlobalSection(ExtensibilityGlobals) = postSolution
		SolutionGuid = {5114046A-D11C-4C93-A1AF-808548985FF3}
	EndGlobalSection
EndGlobal
